<?xml version="1.0" encoding="utf-8"?>
<Project ToolsVersion="4.0" xmlns="http://schemas.microsoft.com/developer/msbuild/2003">
  <ItemGroup>
    <Filter Include="TheGameEngine">
      <UniqueIdentifier>{165667DA-8216-E310-4B51-2C8EB7D027ED}</UniqueIdentifier>
    </Filter>
  </ItemGroup>
  <ItemGroup>
    <ClInclude Include="src\TheGameEngine.h" />
    <ClInclude Include="src\TheGameEngine\Application.h">
      <Filter>TheGameEngine</Filter>
    </ClInclude>
    <ClInclude Include="src\TheGameEngine\Core.h">
      <Filter>TheGameEngine</Filter>
    </ClInclude>
    <ClInclude Include="src\TheGameEngine\Entry.h">
      <Filter>TheGameEngine</Filter>
    </ClInclude>
    <ClInclude Include="src\TheGameEngine\Log.h">
      <Filter>TheGameEngine</Filter>
    </ClInclude>
  </ItemGroup>
  <ItemGroup>
    <ClCompile Include="src\TheGameEngine\Application.cpp">
      <Filter>TheGameEngine</Filter>
    </ClCompile>
    <ClCompile Include="src\TheGameEngine\Log.cpp">
      <Filter>TheGameEngine</Filter>
    </ClCompile>
  </ItemGroup>
</Project>